
Microsoft Visual Studio Solution File, Format Version 12.00
# Visual Studio Version 16
VisualStudioVersion = 16.0.29728.190
MinimumVisualStudioVersion = 10.0.40219.1
Project("{FAE04EC0-301F-11D3-BF4B-00C04F79EFBC}") = "5", "5\5.csproj", "{810C0AAE-7A23-4B11-BC3B-7C599144E757}"
EndProject
Global
	GlobalSection(SolutionConfigurationPlatforms) = preSolution
		Debug|Any CPU = Debug|Any CPU
		Release|Any CPU = Release|Any CPU
	EndGlobalSection
	GlobalSection(ProjectConfigurationPlatforms) = postSolution
		{810C0AAE-7A23-4B11-BC3B-7C599144E757}.Debug|Any CPU.ActiveCfg = Debug|Any CPU
		{810C0AAE-7A23-4B11-BC3B-7C599144E757}.Debug|Any CPU.Build.0 = Debug|Any CPU
		{810C0AAE-7A23-4B11-BC3B-7C599144E757}.Release|Any CPU.ActiveCfg = Release|Any CPU
		{810C0AAE-7A23-4B11-BC3B-7C599144E757}.Release|Any CPU.Build.0 = Release|Any CPU
	EndGlobalSection
	GlobalSection(SolutionProperties) = preSolution
		HideSolutionNode = FALSE
	EndGlobalSection
	GlobalSection(ExtensibilityGlobals) = postSolution
		SolutionGuid = {BE4D6FBE-A35F-4037-9029-89F464250CE4}
	EndGlobalSection
EndGlobal
